
Microsoft Visual Studio Solution File, Format Version 12.00
# Visual Studio Version 17
VisualStudioVersion = 17.8.34330.188
MinimumVisualStudioVersion = 10.0.40219.1
Project("{9A19103F-16F7-4668-BE54-9A1E7A4F7556}") = "ToDoList", "ToDoList\ToDoList.csproj", "{EDAB19CC-9E9E-416A-9D8B-6D1732607FEB}"
EndProject
Project("{FAE04EC0-301F-11D3-BF4B-00C04F79EFBC}") = "ToDoList.Persistence", "ToDoList.Persistence\ToDoList.Persistence.csproj", "{FFD2E227-92DC-49CA-A0E4-E887F0CDE748}"
EndProject
Global
	GlobalSection(SolutionConfigurationPlatforms) = preSolution
		Debug|Any CPU = Debug|Any CPU
		Release|Any CPU = Release|Any CPU
	EndGlobalSection
	GlobalSection(ProjectConfigurationPlatforms) = postSolution
		{EDAB19CC-9E9E-416A-9D8B-6D1732607FEB}.Debug|Any CPU.ActiveCfg = Debug|Any CPU
		{EDAB19CC-9E9E-416A-9D8B-6D1732607FEB}.Debug|Any CPU.Build.0 = Debug|Any CPU
		{EDAB19CC-9E9E-416A-9D8B-6D1732607FEB}.Release|Any CPU.ActiveCfg = Release|Any CPU
		{EDAB19CC-9E9E-416A-9D8B-6D1732607FEB}.Release|Any CPU.Build.0 = Release|Any CPU
		{FFD2E227-92DC-49CA-A0E4-E887F0CDE748}.Debug|Any CPU.ActiveCfg = Debug|Any CPU
		{FFD2E227-92DC-49CA-A0E4-E887F0CDE748}.Debug|Any CPU.Build.0 = Debug|Any CPU
		{FFD2E227-92DC-49CA-A0E4-E887F0CDE748}.Release|Any CPU.ActiveCfg = Release|Any CPU
		{FFD2E227-92DC-49CA-A0E4-E887F0CDE748}.Release|Any CPU.Build.0 = Release|Any CPU
	EndGlobalSection
	GlobalSection(SolutionProperties) = preSolution
		HideSolutionNode = FALSE
	EndGlobalSection
	GlobalSection(ExtensibilityGlobals) = postSolution
		SolutionGuid = {FE7C74B2-D7F2-4CA0-8BF8-61EADCCC1A49}
	EndGlobalSection
EndGlobal
